
Microsoft Visual Studio Solution File, Format Version 12.00
# Visual Studio 15
VisualStudioVersion = 15.0.27428.2005
MinimumVisualStudioVersion = 10.0.40219.1
Project("{FAE04EC0-301F-11D3-BF4B-00C04F79EFBC}") = "GoogleMapsExemplo.Android", "GoogleMapsExemplo\GoogleMapsExemplo.Android\GoogleMapsExemplo.Android.csproj", "{6C5B7CFA-7680-44E0-832D-AC1D7BCED2A5}"
EndProject
Project("{FAE04EC0-301F-11D3-BF4B-00C04F79EFBC}") = "GoogleMapsExemplo.iOS", "GoogleMapsExemplo\GoogleMapsExemplo.iOS\GoogleMapsExemplo.iOS.csproj", "{73074DC2-75F3-44C2-A9C8-C3B0E2C66CE3}"
EndProject
Project("{FAE04EC0-301F-11D3-BF4B-00C04F79EFBC}") = "GoogleMapsExemplo", "GoogleMapsExemplo\GoogleMapsExemplo\GoogleMapsExemplo.csproj", "{4FE8EFCE-E5C2-4E8F-8443-05B0364A7C47}"
EndProject
Global
	GlobalSection(SolutionConfigurationPlatforms) = preSolution
		Ad-Hoc|Any CPU = Ad-Hoc|Any CPU
		Ad-Hoc|ARM = Ad-Hoc|ARM
		Ad-Hoc|iPhone = Ad-Hoc|iPhone
		Ad-Hoc|iPhoneSimulator = Ad-Hoc|iPhoneSimulator
		Ad-Hoc|x64 = Ad-Hoc|x64
		Ad-Hoc|x86 = Ad-Hoc|x86
		AppStore|Any CPU = AppStore|Any CPU
		AppStore|ARM = AppStore|ARM
		AppStore|iPhone = AppStore|iPhone
		AppStore|iPhoneSimulator = AppStore|iPhoneSimulator
		AppStore|x64 = AppStore|x64
		AppStore|x86 = AppStore|x86
		Debug|Any CPU = Debug|Any CPU
		Debug|ARM = Debug|ARM
		Debug|iPhone = Debug|iPhone
		Debug|iPhoneSimulator = Debug|iPhoneSimulator
		Debug|x64 = Debug|x64
		Debug|x86 = Debug|x86
		Release|Any CPU = Release|Any CPU
		Release|ARM = Release|ARM
		Release|iPhone = Release|iPhone
		Release|iPhoneSimulator = Release|iPhoneSimulator
		Release|x64 = Release|x64
		Release|x86 = Release|x86
	EndGlobalSection
	GlobalSection(ProjectConfigurationPlatforms) = postSolution
		{6C5B7CFA-7680-44E0-832D-AC1D7BCED2A5}.Ad-Hoc|Any CPU.ActiveCfg = Release|Any CPU
		{6C5B7CFA-7680-44E0-832D-AC1D7BCED2A5}.Ad-Hoc|Any CPU.Build.0 = Release|Any CPU
		{6C5B7CFA-7680-44E0-832D-AC1D7BCED2A5}.Ad-Hoc|Any CPU.Deploy.0 = Release|Any CPU
		{6C5B7CFA-7680-44E0-832D-AC1D7BCED2A5}.Ad-Hoc|ARM.ActiveCfg = Release|Any CPU
		{6C5B7CFA-7680-44E0-832D-AC1D7BCED2A5}.Ad-Hoc|ARM.Build.0 = Release|Any CPU
		{6C5B7CFA-7680-44E0-832D-AC1D7BCED2A5}.Ad-Hoc|ARM.Deploy.0 = Release|Any CPU
		{6C5B7CFA-7680-44E0-832D-AC1D7BCED2A5}.Ad-Hoc|iPhone.ActiveCfg = Release|Any CPU
		{6C5B7CFA-7680-44E0-832D-AC1D7BCED2A5}.Ad-Hoc|iPhone.Build.0 = Release|Any CPU
		{6C5B7CFA-7680-44E0-832D-AC1D7BCED2A5}.Ad-Hoc|iPhone.Deploy.0 = Release|Any CPU
		{6C5B7CFA-7680-44E0-832D-AC1D7BCED2A5}.Ad-Hoc|iPhoneSimulator.ActiveCfg = Release|Any CPU
		{6C5B7CFA-7680-44E0-832D-AC1D7BCED2A5}.Ad-Hoc|iPhoneSimulator.Build.0 = Release|Any CPU
		{6C5B7CFA-7680-44E0-832D-AC1D7BCED2A5}.Ad-Hoc|iPhoneSimulator.Deploy.0 = Release|Any CPU
		{6C5B7CFA-7680-44E0-832D-AC1D7BCED2A5}.Ad-Hoc|x64.ActiveCfg = Release|Any CPU
		{6C5B7CFA-7680-44E0-832D-AC1D7BCED2A5}.Ad-Hoc|x64.Build.0 = Release|Any CPU
		{6C5B7CFA-7680-44E0-832D-AC1D7BCED2A5}.Ad-Hoc|x64.Deploy.0 = Release|Any CPU
		{6C5B7CFA-7680-44E0-832D-AC1D7BCED2A5}.Ad-Hoc|x86.ActiveCfg = Release|Any CPU
		{6C5B7CFA-7680-44E0-832D-AC1D7BCED2A5}.Ad-Hoc|x86.Build.0 = Release|Any CPU
		{6C5B7CFA-7680-44E0-832D-AC1D7BCED2A5}.Ad-Hoc|x86.Deploy.0 = Release|Any CPU
		{6C5B7CFA-7680-44E0-832D-AC1D7BCED2A5}.AppStore|Any CPU.ActiveCfg = Release|Any CPU
		{6C5B7CFA-7680-44E0-832D-AC1D7BCED2A5}.AppStore|Any CPU.Build.0 = Release|Any CPU
		{6C5B7CFA-7680-44E0-832D-AC1D7BCED2A5}.AppStore|Any CPU.Deploy.0 = Release|Any CPU
		{6C5B7CFA-7680-44E0-832D-AC1D7BCED2A5}.AppStore|ARM.ActiveCfg = Release|Any CPU
		{6C5B7CFA-7680-44E0-832D-AC1D7BCED2A5}.AppStore|ARM.Build.0 = Release|Any CPU
		{6C5B7CFA-7680-44E0-832D-AC1D7BCED2A5}.AppStore|ARM.Deploy.0 = Release|Any CPU
		{6C5B7CFA-7680-44E0-832D-AC1D7BCED2A5}.AppStore|iPhone.ActiveCfg = Release|Any CPU
		{6C5B7CFA-7680-44E0-832D-AC1D7BCED2A5}.AppStore|iPhone.Build.0 = Release|Any CPU
		{6C5B7CFA-7680-44E0-832D-AC1D7BCED2A5}.AppStore|iPhone.Deploy.0 = Release|Any CPU
		{6C5B7CFA-7680-44E0-832D-AC1D7BCED2A5}.AppStore|iPhoneSimulator.ActiveCfg = Release|Any CPU
		{6C5B7CFA-7680-44E0-832D-AC1D7BCED2A5}.AppStore|iPhoneSimulator.Build.0 = Release|Any CPU
		{6C5B7CFA-7680-44E0-832D-AC1D7BCED2A5}.AppStore|iPhoneSimulator.Deploy.0 = Release|Any CPU
		{6C5B7CFA-7680-44E0-832D-AC1D7BCED2A5}.AppStore|x64.ActiveCfg = Release|Any CPU
		{6C5B7CFA-7680-44E0-832D-AC1D7BCED2A5}.AppStore|x64.Build.0 = Release|Any CPU
		{6C5B7CFA-7680-44E0-832D-AC1D7BCED2A5}.AppStore|x64.Deploy.0 = Release|Any CPU
		{6C5B7CFA-7680-44E0-832D-AC1D7BCED2A5}.AppStore|x86.ActiveCfg = Release|Any CPU
		{6C5B7CFA-7680-44E0-832D-AC1D7BCED2A5}.AppStore|x86.Build.0 = Release|Any CPU
		{6C5B7CFA-7680-44E0-832D-AC1D7BCED2A5}.AppStore|x86.Deploy.0 = Release|Any CPU
		{6C5B7CFA-7680-44E0-832D-AC1D7BCED2A5}.Debug|Any CPU.ActiveCfg = Debug|Any CPU
		{6C5B7CFA-7680-44E0-832D-AC1D7BCED2A5}.Debug|Any CPU.Build.0 = Debug|Any CPU
		{6C5B7CFA-7680-44E0-832D-AC1D7BCED2A5}.Debug|Any CPU.Deploy.0 = Debug|Any CPU
		{6C5B7CFA-7680-44E0-832D-AC1D7BCED2A5}.Debug|ARM.ActiveCfg = Debug|Any CPU
		{6C5B7CFA-7680-44E0-832D-AC1D7BCED2A5}.Debug|ARM.Build.0 = Debug|Any CPU
		{6C5B7CFA-7680-44E0-832D-AC1D7BCED2A5}.Debug|ARM.Deploy.0 = Debug|Any CPU
		{6C5B7CFA-7680-44E0-832D-AC1D7BCED2A5}.Debug|iPhone.ActiveCfg = Debug|Any CPU
		{6C5B7CFA-7680-44E0-832D-AC1D7BCED2A5}.Debug|iPhone.Build.0 = Debug|Any CPU
		{6C5B7CFA-7680-44E0-832D-AC1D7BCED2A5}.Debug|iPhone.Deploy.0 = Debug|Any CPU
		{6C5B7CFA-7680-44E0-832D-AC1D7BCED2A5}.Debug|iPhoneSimulator.ActiveCfg = Debug|Any CPU
		{6C5B7CFA-7680-44E0-832D-AC1D7BCED2A5}.Debug|iPhoneSimulator.Build.0 = Debug|Any CPU
		{6C5B7CFA-7680-44E0-832D-AC1D7BCED2A5}.Debug|iPhoneSimulator.Deploy.0 = Debug|Any CPU
		{6C5B7CFA-7680-44E0-832D-AC1D7BCED2A5}.Debug|x64.ActiveCfg = Debug|Any CPU
		{6C5B7CFA-7680-44E0-832D-AC1D7BCED2A5}.Debug|x64.Build.0 = Debug|Any CPU
		{6C5B7CFA-7680-44E0-832D-AC1D7BCED2A5}.Debug|x64.Deploy.0 = Debug|Any CPU
		{6C5B7CFA-7680-44E0-832D-AC1D7BCED2A5}.Debug|x86.ActiveCfg = Debug|Any CPU
		{6C5B7CFA-7680-44E0-832D-AC1D7BCED2A5}.Debug|x86.Build.0 = Debug|Any CPU
		{6C5B7CFA-7680-44E0-832D-AC1D7BCED2A5}.Debug|x86.Deploy.0 = Debug|Any CPU
		{6C5B7CFA-7680-44E0-832D-AC1D7BCED2A5}.Release|Any CPU.ActiveCfg = Release|Any CPU
		{6C5B7CFA-7680-44E0-832D-AC1D7BCED2A5}.Release|Any CPU.Build.0 = Release|Any CPU
		{6C5B7CFA-7680-44E0-832D-AC1D7BCED2A5}.Release|Any CPU.Deploy.0 = Release|Any CPU
		{6C5B7CFA-7680-44E0-832D-AC1D7BCED2A5}.Release|ARM.ActiveCfg = Release|Any CPU
		{6C5B7CFA-7680-44E0-832D-AC1D7BCED2A5}.Release|ARM.Build.0 = Release|Any CPU
		{6C5B7CFA-7680-44E0-832D-AC1D7BCED2A5}.Release|ARM.Deploy.0 = Release|Any CPU
		{6C5B7CFA-7680-44E0-832D-AC1D7BCED2A5}.Release|iPhone.ActiveCfg = Release|Any CPU
		{6C5B7CFA-7680-44E0-832D-AC1D7BCED2A5}.Release|iPhone.Build.0 = Release|Any CPU
		{6C5B7CFA-7680-44E0-832D-AC1D7BCED2A5}.Release|iPhone.Deploy.0 = Release|Any CPU
		{6C5B7CFA-7680-44E0-832D-AC1D7BCED2A5}.Release|iPhoneSimulator.ActiveCfg = Release|Any CPU
		{6C5B7CFA-7680-44E0-832D-AC1D7BCED2A5}.Release|iPhoneSimulator.Build.0 = Release|Any CPU
		{6C5B7CFA-7680-44E0-832D-AC1D7BCED2A5}.Release|iPhoneSimulator.Deploy.0 = Release|Any CPU
		{6C5B7CFA-7680-44E0-832D-AC1D7BCED2A5}.Release|x64.ActiveCfg = Release|Any CPU
		{6C5B7CFA-7680-44E0-832D-AC1D7BCED2A5}.Release|x64.Build.0 = Release|Any CPU
		{6C5B7CFA-7680-44E0-832D-AC1D7BCED2A5}.Release|x64.Deploy.0 = Release|Any CPU
		{6C5B7CFA-7680-44E0-832D-AC1D7BCED2A5}.Release|x86.ActiveCfg = Release|Any CPU
		{6C5B7CFA-7680-44E0-832D-AC1D7BCED2A5}.Release|x86.Build.0 = Release|Any CPU
		{6C5B7CFA-7680-44E0-832D-AC1D7BCED2A5}.Release|x86.Deploy.0 = Release|Any CPU
		{73074DC2-75F3-44C2-A9C8-C3B0E2C66CE3}.Ad-Hoc|Any CPU.ActiveCfg = Ad-Hoc|iPhone
		{73074DC2-75F3-44C2-A9C8-C3B0E2C66CE3}.Ad-Hoc|ARM.ActiveCfg = Ad-Hoc|iPhone
		{73074DC2-75F3-44C2-A9C8-C3B0E2C66CE3}.Ad-Hoc|iPhone.ActiveCfg = Ad-Hoc|iPhone
		{73074DC2-75F3-44C2-A9C8-C3B0E2C66CE3}.Ad-Hoc|iPhone.Build.0 = Ad-Hoc|iPhone
		{73074DC2-75F3-44C2-A9C8-C3B0E2C66CE3}.Ad-Hoc|iPhoneSimulator.ActiveCfg = Ad-Hoc|iPhoneSimulator
		{73074DC2-75F3-44C2-A9C8-C3B0E2C66CE3}.Ad-Hoc|iPhoneSimulator.Build.0 = Ad-Hoc|iPhoneSimulator
		{73074DC2-75F3-44C2-A9C8-C3B0E2C66CE3}.Ad-Hoc|x64.ActiveCfg = Ad-Hoc|iPhone
		{73074DC2-75F3-44C2-A9C8-C3B0E2C66CE3}.Ad-Hoc|x86.ActiveCfg = Ad-Hoc|iPhone
		{73074DC2-75F3-44C2-A9C8-C3B0E2C66CE3}.AppStore|Any CPU.ActiveCfg = AppStore|iPhone
		{73074DC2-75F3-44C2-A9C8-C3B0E2C66CE3}.AppStore|ARM.ActiveCfg = AppStore|iPhone
		{73074DC2-75F3-44C2-A9C8-C3B0E2C66CE3}.AppStore|iPhone.ActiveCfg = AppStore|iPhone
		{73074DC2-75F3-44C2-A9C8-C3B0E2C66CE3}.AppStore|iPhone.Build.0 = AppStore|iPhone
		{73074DC2-75F3-44C2-A9C8-C3B0E2C66CE3}.AppStore|iPhoneSimulator.ActiveCfg = AppStore|iPhoneSimulator
		{73074DC2-75F3-44C2-A9C8-C3B0E2C66CE3}.AppStore|iPhoneSimulator.Build.0 = AppStore|iPhoneSimulator
		{73074DC2-75F3-44C2-A9C8-C3B0E2C66CE3}.AppStore|x64.ActiveCfg = AppStore|iPhone
		{73074DC2-75F3-44C2-A9C8-C3B0E2C66CE3}.AppStore|x86.ActiveCfg = AppStore|iPhone
		{73074DC2-75F3-44C2-A9C8-C3B0E2C66CE3}.Debug|Any CPU.ActiveCfg = Debug|iPhone
		{73074DC2-75F3-44C2-A9C8-C3B0E2C66CE3}.Debug|ARM.ActiveCfg = Debug|iPhone
		{73074DC2-75F3-44C2-A9C8-C3B0E2C66CE3}.Debug|iPhone.ActiveCfg = Debug|iPhone
		{73074DC2-75F3-44C2-A9C8-C3B0E2C66CE3}.Debug|iPhone.Build.0 = Debug|iPhone
		{73074DC2-75F3-44C2-A9C8-C3B0E2C66CE3}.Debug|iPhoneSimulator.ActiveCfg = Debug|iPhoneSimulator
		{73074DC2-75F3-44C2-A9C8-C3B0E2C66CE3}.Debug|iPhoneSimulator.Build.0 = Debug|iPhoneSimulator
		{73074DC2-75F3-44C2-A9C8-C3B0E2C66CE3}.Debug|x64.ActiveCfg = Debug|iPhone
		{73074DC2-75F3-44C2-A9C8-C3B0E2C66CE3}.Debug|x86.ActiveCfg = Debug|iPhone
		{73074DC2-75F3-44C2-A9C8-C3B0E2C66CE3}.Release|Any CPU.ActiveCfg = Release|iPhone
		{73074DC2-75F3-44C2-A9C8-C3B0E2C66CE3}.Release|ARM.ActiveCfg = Release|iPhone
		{73074DC2-75F3-44C2-A9C8-C3B0E2C66CE3}.Release|iPhone.ActiveCfg = Release|iPhone
		{73074DC2-75F3-44C2-A9C8-C3B0E2C66CE3}.Release|iPhone.Build.0 = Release|iPhone
		{73074DC2-75F3-44C2-A9C8-C3B0E2C66CE3}.Release|iPhoneSimulator.ActiveCfg = Release|iPhoneSimulator
		{73074DC2-75F3-44C2-A9C8-C3B0E2C66CE3}.Release|iPhoneSimulator.Build.0 = Release|iPhoneSimulator
		{73074DC2-75F3-44C2-A9C8-C3B0E2C66CE3}.Release|x64.ActiveCfg = Release|iPhone
		{73074DC2-75F3-44C2-A9C8-C3B0E2C66CE3}.Release|x86.ActiveCfg = Release|iPhone
		{4FE8EFCE-E5C2-4E8F-8443-05B0364A7C47}.Ad-Hoc|Any CPU.ActiveCfg = Debug|Any CPU
		{4FE8EFCE-E5C2-4E8F-8443-05B0364A7C47}.Ad-Hoc|Any CPU.Build.0 = Debug|Any CPU
		{4FE8EFCE-E5C2-4E8F-8443-05B0364A7C47}.Ad-Hoc|ARM.ActiveCfg = Debug|Any CPU
		{4FE8EFCE-E5C2-4E8F-8443-05B0364A7C47}.Ad-Hoc|ARM.Build.0 = Debug|Any CPU
		{4FE8EFCE-E5C2-4E8F-8443-05B0364A7C47}.Ad-Hoc|iPhone.ActiveCfg = Debug|Any CPU
		{4FE8EFCE-E5C2-4E8F-8443-05B0364A7C47}.Ad-Hoc|iPhone.Build.0 = Debug|Any CPU
		{4FE8EFCE-E5C2-4E8F-8443-05B0364A7C47}.Ad-Hoc|iPhoneSimulator.ActiveCfg = Debug|Any CPU
		{4FE8EFCE-E5C2-4E8F-8443-05B0364A7C47}.Ad-Hoc|iPhoneSimulator.Build.0 = Debug|Any CPU
		{4FE8EFCE-E5C2-4E8F-8443-05B0364A7C47}.Ad-Hoc|x64.ActiveCfg = Debug|Any CPU
		{4FE8EFCE-E5C2-4E8F-8443-05B0364A7C47}.Ad-Hoc|x64.Build.0 = Debug|Any CPU
		{4FE8EFCE-E5C2-4E8F-8443-05B0364A7C47}.Ad-Hoc|x86.ActiveCfg = Debug|Any CPU
		{4FE8EFCE-E5C2-4E8F-8443-05B0364A7C47}.Ad-Hoc|x86.Build.0 = Debug|Any CPU
		{4FE8EFCE-E5C2-4E8F-8443-05B0364A7C47}.AppStore|Any CPU.ActiveCfg = Debug|Any CPU
		{4FE8EFCE-E5C2-4E8F-8443-05B0364A7C47}.AppStore|Any CPU.Build.0 = Debug|Any CPU
		{4FE8EFCE-E5C2-4E8F-8443-05B0364A7C47}.AppStore|ARM.ActiveCfg = Debug|Any CPU
		{4FE8EFCE-E5C2-4E8F-8443-05B0364A7C47}.AppStore|ARM.Build.0 = Debug|Any CPU
		{4FE8EFCE-E5C2-4E8F-8443-05B0364A7C47}.AppStore|iPhone.ActiveCfg = Debug|Any CPU
		{4FE8EFCE-E5C2-4E8F-8443-05B0364A7C47}.AppStore|iPhone.Build.0 = Debug|Any CPU
		{4FE8EFCE-E5C2-4E8F-8443-05B0364A7C47}.AppStore|iPhoneSimulator.ActiveCfg = Debug|Any CPU
		{4FE8EFCE-E5C2-4E8F-8443-05B0364A7C47}.AppStore|iPhoneSimulator.Build.0 = Debug|Any CPU
		{4FE8EFCE-E5C2-4E8F-8443-05B0364A7C47}.AppStore|x64.ActiveCfg = Debug|Any CPU
		{4FE8EFCE-E5C2-4E8F-8443-05B0364A7C47}.AppStore|x64.Build.0 = Debug|Any CPU
		{4FE8EFCE-E5C2-4E8F-8443-05B0364A7C47}.AppStore|x86.ActiveCfg = Debug|Any CPU
		{4FE8EFCE-E5C2-4E8F-8443-05B0364A7C47}.AppStore|x86.Build.0 = Debug|Any CPU
		{4FE8EFCE-E5C2-4E8F-8443-05B0364A7C47}.Debug|Any CPU.ActiveCfg = Debug|Any CPU
		{4FE8EFCE-E5C2-4E8F-8443-05B0364A7C47}.Debug|Any CPU.Build.0 = Debug|Any CPU
		{4FE8EFCE-E5C2-4E8F-8443-05B0364A7C47}.Debug|ARM.ActiveCfg = Debug|Any CPU
		{4FE8EFCE-E5C2-4E8F-8443-05B0364A7C47}.Debug|ARM.Build.0 = Debug|Any CPU
		{4FE8EFCE-E5C2-4E8F-8443-05B0364A7C47}.Debug|iPhone.ActiveCfg = Debug|Any CPU
		{4FE8EFCE-E5C2-4E8F-8443-05B0364A7C47}.Debug|iPhone.Build.0 = Debug|Any CPU
		{4FE8EFCE-E5C2-4E8F-8443-05B0364A7C47}.Debug|iPhoneSimulator.ActiveCfg = Debug|Any CPU
		{4FE8EFCE-E5C2-4E8F-8443-05B0364A7C47}.Debug|iPhoneSimulator.Build.0 = Debug|Any CPU
		{4FE8EFCE-E5C2-4E8F-8443-05B0364A7C47}.Debug|x64.ActiveCfg = Debug|Any CPU
		{4FE8EFCE-E5C2-4E8F-8443-05B0364A7C47}.Debug|x64.Build.0 = Debug|Any CPU
		{4FE8EFCE-E5C2-4E8F-8443-05B0364A7C47}.Debug|x86.ActiveCfg = Debug|Any CPU
		{4FE8EFCE-E5C2-4E8F-8443-05B0364A7C47}.Debug|x86.Build.0 = Debug|Any CPU
		{4FE8EFCE-E5C2-4E8F-8443-05B0364A7C47}.Release|Any CPU.ActiveCfg = Release|Any CPU
		{4FE8EFCE-E5C2-4E8F-8443-05B0364A7C47}.Release|Any CPU.Build.0 = Release|Any CPU
		{4FE8EFCE-E5C2-4E8F-8443-05B0364A7C47}.Release|ARM.ActiveCfg = Release|Any CPU
		{4FE8EFCE-E5C2-4E8F-8443-05B0364A7C47}.Release|ARM.Build.0 = Release|Any CPU
		{4FE8EFCE-E5C2-4E8F-8443-05B0364A7C47}.Release|iPhone.ActiveCfg = Release|Any CPU
		{4FE8EFCE-E5C2-4E8F-8443-05B0364A7C47}.Release|iPhone.Build.0 = Release|Any CPU
		{4FE8EFCE-E5C2-4E8F-8443-05B0364A7C47}.Release|iPhoneSimulator.ActiveCfg = Release|Any CPU
		{4FE8EFCE-E5C2-4E8F-8443-05B0364A7C47}.Release|iPhoneSimulator.Build.0 = Release|Any CPU
		{4FE8EFCE-E5C2-4E8F-8443-05B0364A7C47}.Release|x64.ActiveCfg = Release|Any CPU
		{4FE8EFCE-E5C2-4E8F-8443-05B0364A7C47}.Release|x64.Build.0 = Release|Any CPU
		{4FE8EFCE-E5C2-4E8F-8443-05B0364A7C47}.Release|x86.ActiveCfg = Release|Any CPU
		{4FE8EFCE-E5C2-4E8F-8443-05B0364A7C47}.Release|x86.Build.0 = Release|Any CPU
	EndGlobalSection
	GlobalSection(SolutionProperties) = preSolution
		HideSolutionNode = FALSE
	EndGlobalSection
	GlobalSection(ExtensibilityGlobals) = postSolution
		SolutionGuid = {9E81D442-341A-48A4-95BE-BA9F860D7CF6}
	EndGlobalSection
EndGlobal
